# This file is generated by running "yarn install" inside your project.
# Manual changes might be lost - proceed with caution!

__metadata:
  version: 6
  cacheKey: 8

"bootstrap@npm:5.3.2":
  version: 5.3.2
  resolution: "bootstrap@npm:5.3.2"
  peerDependencies:
    "@popperjs/core": ^2.11.8
  checksum: d5580b253d121ffc137388d41da58dce8d15f1ccd574e12f28d4a08e7649ca15e95db645b2b677cb8025bccd446bff04138fc0fe64f8cba0ccc5dc004a8644cf
  languageName: node
  linkType: hard

"conektic_website@workspace:.":
  version: 0.0.0-use.local
  resolution: "conektic_website@workspace:."
  dependencies:
    bootstrap: 5.3.2
  languageName: unknown
  linkType: soft
